
Microsoft Visual Studio Solution File, Format Version 12.00
# Visual Studio Version 16
VisualStudioVersion = 16.0.29326.143
MinimumVisualStudioVersion = 10.0.40219.1
Project("{2150E333-8FDC-42A3-9474-1A3956D46DE8}") = "Domain", "Domain", "{C1A990E8-44A3-481B-9340-CAF8DE53E7A0}"
EndProject
Project("{2150E333-8FDC-42A3-9474-1A3956D46DE8}") = "Infra.Bus", "Infra.Bus", "{1687C401-4B6F-4C5A-8492-F7E7C1655B7D}"
EndProject
Project("{2150E333-8FDC-42A3-9474-1A3956D46DE8}") = "Infra.IoC", "Infra.IoC", "{95D4F33B-4D93-4D5E-A756-A60412B907B8}"
EndProject
Project("{2150E333-8FDC-42A3-9474-1A3956D46DE8}") = "Microservices", "Microservices", "{6768F1F1-2170-4B7F-A1DF-57F50FB40853}"
EndProject
Project("{2150E333-8FDC-42A3-9474-1A3956D46DE8}") = "Presentation", "Presentation", "{5033248A-DBB7-45D9-8D93-513737059114}"
EndProject
Project("{9A19103F-16F7-4668-BE54-9A1E7A4F7556}") = "MicroRabbit.Domain.Core", "MicroRabbit.Domain.Core\MicroRabbit.Domain.Core.csproj", "{B61A220F-4625-4819-B506-63DCBD9F2E89}"
EndProject
Project("{9A19103F-16F7-4668-BE54-9A1E7A4F7556}") = "MicroRabbit.Infra.Bus", "MicroRabbit.Infra.Bus\MicroRabbit.Infra.Bus.csproj", "{26A8441E-F91E-409F-B744-96A56B0EFA96}"
EndProject
Project("{9A19103F-16F7-4668-BE54-9A1E7A4F7556}") = "MicroRabbit.Infra.IoC", "MicroRabbit.Infra.IoC\MicroRabbit.Infra.IoC.csproj", "{D773F24B-F37C-40B8-A7AA-1F14D6081BB0}"
EndProject
Project("{2150E333-8FDC-42A3-9474-1A3956D46DE8}") = "Banking", "Banking", "{57A4F423-5F34-471C-B512-6EC2FF733CD1}"
EndProject
Project("{2150E333-8FDC-42A3-9474-1A3956D46DE8}") = "Api", "Api", "{9DD071B1-52DD-4663-B719-67A6210C0339}"
EndProject
Project("{2150E333-8FDC-42A3-9474-1A3956D46DE8}") = "Application", "Application", "{0A59A25D-94F6-4E3F-987C-AF81C20403BC}"
EndProject
Project("{2150E333-8FDC-42A3-9474-1A3956D46DE8}") = "Data", "Data", "{81348A20-F430-4EBF-A4DE-9F5A56D6ED97}"
EndProject
Project("{2150E333-8FDC-42A3-9474-1A3956D46DE8}") = "Domain", "Domain", "{8532D4CB-F4CC-4613-B47C-AC21AFCCE636}"
EndProject
Project("{9A19103F-16F7-4668-BE54-9A1E7A4F7556}") = "MicroRabbit.Banking.Application", "MicroRabbit.Banking.Application\MicroRabbit.Banking.Application.csproj", "{960EF83E-F309-4CC4-A4DC-09D4EEA51682}"
EndProject
Project("{9A19103F-16F7-4668-BE54-9A1E7A4F7556}") = "MicroRabbit.Banking.Data", "MicroRabbit.Banking.Data\MicroRabbit.Banking.Data.csproj", "{A4DF03F0-AAB5-4FA9-9315-2471D617AEB3}"
EndProject
Project("{9A19103F-16F7-4668-BE54-9A1E7A4F7556}") = "MicroRabbit.Banking.Domain", "MicroRabbit.Banking.Domain\MicroRabbit.Banking.Domain.csproj", "{7EF0DC1A-020F-4CED-85CE-4DABEC2D8E86}"
EndProject
Project("{9A19103F-16F7-4668-BE54-9A1E7A4F7556}") = "MicroRabbit.Banking.Api", "MicroRabbit.Banking.Api\MicroRabbit.Banking.Api.csproj", "{F9441C9D-E158-428F-A2C8-F2DDBCB851E1}"
EndProject
Global
	GlobalSection(SolutionConfigurationPlatforms) = preSolution
		Debug|Any CPU = Debug|Any CPU
		Release|Any CPU = Release|Any CPU
	EndGlobalSection
	GlobalSection(ProjectConfigurationPlatforms) = postSolution
		{B61A220F-4625-4819-B506-63DCBD9F2E89}.Debug|Any CPU.ActiveCfg = Debug|Any CPU
		{B61A220F-4625-4819-B506-63DCBD9F2E89}.Debug|Any CPU.Build.0 = Debug|Any CPU
		{B61A220F-4625-4819-B506-63DCBD9F2E89}.Release|Any CPU.ActiveCfg = Release|Any CPU
		{B61A220F-4625-4819-B506-63DCBD9F2E89}.Release|Any CPU.Build.0 = Release|Any CPU
		{26A8441E-F91E-409F-B744-96A56B0EFA96}.Debug|Any CPU.ActiveCfg = Debug|Any CPU
		{26A8441E-F91E-409F-B744-96A56B0EFA96}.Debug|Any CPU.Build.0 = Debug|Any CPU
		{26A8441E-F91E-409F-B744-96A56B0EFA96}.Release|Any CPU.ActiveCfg = Release|Any CPU
		{26A8441E-F91E-409F-B744-96A56B0EFA96}.Release|Any CPU.Build.0 = Release|Any CPU
		{D773F24B-F37C-40B8-A7AA-1F14D6081BB0}.Debug|Any CPU.ActiveCfg = Debug|Any CPU
		{D773F24B-F37C-40B8-A7AA-1F14D6081BB0}.Debug|Any CPU.Build.0 = Debug|Any CPU
		{D773F24B-F37C-40B8-A7AA-1F14D6081BB0}.Release|Any CPU.ActiveCfg = Release|Any CPU
		{D773F24B-F37C-40B8-A7AA-1F14D6081BB0}.Release|Any CPU.Build.0 = Release|Any CPU
		{960EF83E-F309-4CC4-A4DC-09D4EEA51682}.Debug|Any CPU.ActiveCfg = Debug|Any CPU
		{960EF83E-F309-4CC4-A4DC-09D4EEA51682}.Debug|Any CPU.Build.0 = Debug|Any CPU
		{960EF83E-F309-4CC4-A4DC-09D4EEA51682}.Release|Any CPU.ActiveCfg = Release|Any CPU
		{960EF83E-F309-4CC4-A4DC-09D4EEA51682}.Release|Any CPU.Build.0 = Release|Any CPU
		{A4DF03F0-AAB5-4FA9-9315-2471D617AEB3}.Debug|Any CPU.ActiveCfg = Debug|Any CPU
		{A4DF03F0-AAB5-4FA9-9315-2471D617AEB3}.Debug|Any CPU.Build.0 = Debug|Any CPU
		{A4DF03F0-AAB5-4FA9-9315-2471D617AEB3}.Release|Any CPU.ActiveCfg = Release|Any CPU
		{A4DF03F0-AAB5-4FA9-9315-2471D617AEB3}.Release|Any CPU.Build.0 = Release|Any CPU
		{7EF0DC1A-020F-4CED-85CE-4DABEC2D8E86}.Debug|Any CPU.ActiveCfg = Debug|Any CPU
		{7EF0DC1A-020F-4CED-85CE-4DABEC2D8E86}.Debug|Any CPU.Build.0 = Debug|Any CPU
		{7EF0DC1A-020F-4CED-85CE-4DABEC2D8E86}.Release|Any CPU.ActiveCfg = Release|Any CPU
		{7EF0DC1A-020F-4CED-85CE-4DABEC2D8E86}.Release|Any CPU.Build.0 = Release|Any CPU
		{F9441C9D-E158-428F-A2C8-F2DDBCB851E1}.Debug|Any CPU.ActiveCfg = Debug|Any CPU
		{F9441C9D-E158-428F-A2C8-F2DDBCB851E1}.Debug|Any CPU.Build.0 = Debug|Any CPU
		{F9441C9D-E158-428F-A2C8-F2DDBCB851E1}.Release|Any CPU.ActiveCfg = Release|Any CPU
		{F9441C9D-E158-428F-A2C8-F2DDBCB851E1}.Release|Any CPU.Build.0 = Release|Any CPU
	EndGlobalSection
	GlobalSection(SolutionProperties) = preSolution
		HideSolutionNode = FALSE
	EndGlobalSection
	GlobalSection(NestedProjects) = preSolution
		{B61A220F-4625-4819-B506-63DCBD9F2E89} = {C1A990E8-44A3-481B-9340-CAF8DE53E7A0}
		{26A8441E-F91E-409F-B744-96A56B0EFA96} = {1687C401-4B6F-4C5A-8492-F7E7C1655B7D}
		{D773F24B-F37C-40B8-A7AA-1F14D6081BB0} = {95D4F33B-4D93-4D5E-A756-A60412B907B8}
		{57A4F423-5F34-471C-B512-6EC2FF733CD1} = {6768F1F1-2170-4B7F-A1DF-57F50FB40853}
		{9DD071B1-52DD-4663-B719-67A6210C0339} = {57A4F423-5F34-471C-B512-6EC2FF733CD1}
		{0A59A25D-94F6-4E3F-987C-AF81C20403BC} = {57A4F423-5F34-471C-B512-6EC2FF733CD1}
		{81348A20-F430-4EBF-A4DE-9F5A56D6ED97} = {57A4F423-5F34-471C-B512-6EC2FF733CD1}
		{8532D4CB-F4CC-4613-B47C-AC21AFCCE636} = {57A4F423-5F34-471C-B512-6EC2FF733CD1}
		{960EF83E-F309-4CC4-A4DC-09D4EEA51682} = {0A59A25D-94F6-4E3F-987C-AF81C20403BC}
		{A4DF03F0-AAB5-4FA9-9315-2471D617AEB3} = {81348A20-F430-4EBF-A4DE-9F5A56D6ED97}
		{7EF0DC1A-020F-4CED-85CE-4DABEC2D8E86} = {8532D4CB-F4CC-4613-B47C-AC21AFCCE636}
		{F9441C9D-E158-428F-A2C8-F2DDBCB851E1} = {9DD071B1-52DD-4663-B719-67A6210C0339}
	EndGlobalSection
	GlobalSection(ExtensibilityGlobals) = postSolution
		SolutionGuid = {D1117281-D97E-451A-A80E-3B3E17CFA912}
	EndGlobalSection
EndGlobal
